// !$*UTF8*$!
{
	archiveVersion = 1;
	classes = {
	};
	objectVersion = 56;
	objects = {

/* Begin PBXBuildFile section */
		9135C3D32B867EDC0042B6FF /* MatchupCDModel.xcdatamodeld in Sources */ = {isa = PBXBuildFile; fileRef = 9135C3D12B867EDC0042B6FF /* MatchupCDModel.xcdatamodeld */; };
		9135C3D52B892D590042B6FF /* MatchupVC.swift in Sources */ = {isa = PBXBuildFile; fileRef = 9135C3D42B892D590042B6FF /* MatchupVC.swift */; };
		9151C3532B99142A00C77D5C /* MatchupTableViewCell.swift in Sources */ = {isa = PBXBuildFile; fileRef = 9151C3522B99142A00C77D5C /* MatchupTableViewCell.swift */; };
		9151C3562B9A74BB00C77D5C /* MatchupDetailVC.swift in Sources */ = {isa = PBXBuildFile; fileRef = 9151C3552B9A74BB00C77D5C /* MatchupDetailVC.swift */; };
		9151C3582B9A79D800C77D5C /* MatchupDetailView.swift in Sources */ = {isa = PBXBuildFile; fileRef = 9151C3572B9A79D800C77D5C /* MatchupDetailView.swift */; };
		9151C35A2B9A8DC300C77D5C /* MatchupDetailTableViewCell.swift in Sources */ = {isa = PBXBuildFile; fileRef = 9151C3592B9A8DC300C77D5C /* MatchupDetailTableViewCell.swift */; };
		9153B2002BBFC57E006D741C /* iphoneCover.png in Resources */ = {isa = PBXBuildFile; fileRef = 9153B1FF2BBFC57E006D741C /* iphoneCover.png */; };
		915591DB2B74134D00941C5F /* ChampionTitleLabel.swift in Sources */ = {isa = PBXBuildFile; fileRef = 915591DA2B74134D00941C5F /* ChampionTitleLabel.swift */; };
		915591DD2B74137000941C5F /* ChampionImageView.swift in Sources */ = {isa = PBXBuildFile; fileRef = 915591DC2B74137000941C5F /* ChampionImageView.swift */; };
		91C57CB32B7FED23005F2DA7 /* MatchupView.swift in Sources */ = {isa = PBXBuildFile; fileRef = 91C57CB22B7FED23005F2DA7 /* MatchupView.swift */; };
		91C57CB52B7FF85B005F2DA7 /* TabBarVC.swift in Sources */ = {isa = PBXBuildFile; fileRef = 91C57CB42B7FF85B005F2DA7 /* TabBarVC.swift */; };
		91CF7B272B75839900C8775E /* HomeViewModel.swift in Sources */ = {isa = PBXBuildFile; fileRef = 91CF7B262B75839900C8775E /* HomeViewModel.swift */; };
		91DC28DC2C0E742600151B31 /* CoreDataManager.swift in Sources */ = {isa = PBXBuildFile; fileRef = 91DC28DB2C0E742600151B31 /* CoreDataManager.swift */; };
		91FA0F362BA8CD3D004F8DCC /* ListMatchupView.swift in Sources */ = {isa = PBXBuildFile; fileRef = 91FA0F352BA8CD3D004F8DCC /* ListMatchupView.swift */; };
		91FA0F382BA8D798004F8DCC /* ListMatchupVC.swift in Sources */ = {isa = PBXBuildFile; fileRef = 91FA0F372BA8D798004F8DCC /* ListMatchupVC.swift */; };
		91FFADA62B6C4DAE00BF27F2 /* AppDelegate.swift in Sources */ = {isa = PBXBuildFile; fileRef = 91FFADA52B6C4DAE00BF27F2 /* AppDelegate.swift */; };
		91FFADA82B6C4DAE00BF27F2 /* SceneDelegate.swift in Sources */ = {isa = PBXBuildFile; fileRef = 91FFADA72B6C4DAE00BF27F2 /* SceneDelegate.swift */; };
		91FFADAF2B6C4DAF00BF27F2 /* Assets.xcassets in Resources */ = {isa = PBXBuildFile; fileRef = 91FFADAE2B6C4DAF00BF27F2 /* Assets.xcassets */; };
		91FFADB22B6C4DAF00BF27F2 /* LaunchScreen.storyboard in Resources */ = {isa = PBXBuildFile; fileRef = 91FFADB02B6C4DAF00BF27F2 /* LaunchScreen.storyboard */; };
		91FFADBC2B6C4E0100BF27F2 /* ChampionModel.swift in Sources */ = {isa = PBXBuildFile; fileRef = 91FFADBB2B6C4E0100BF27F2 /* ChampionModel.swift */; };
		91FFADC12B6C57E700BF27F2 /* API.swift in Sources */ = {isa = PBXBuildFile; fileRef = 91FFADC02B6C57E700BF27F2 /* API.swift */; };
		91FFADC32B6C5E7A00BF27F2 /* ErrorMessage.swift in Sources */ = {isa = PBXBuildFile; fileRef = 91FFADC22B6C5E7A00BF27F2 /* ErrorMessage.swift */; };
		91FFADC72B6D9A1D00BF27F2 /* HomeVC.swift in Sources */ = {isa = PBXBuildFile; fileRef = 91FFADC62B6D9A1D00BF27F2 /* HomeVC.swift */; };
		91FFADC92B6D9C8700BF27F2 /* HomeView.swift in Sources */ = {isa = PBXBuildFile; fileRef = 91FFADC82B6D9C8700BF27F2 /* HomeView.swift */; };
		91FFADCC2B717A6D00BF27F2 /* UIHelper.swift in Sources */ = {isa = PBXBuildFile; fileRef = 91FFADCB2B717A6D00BF27F2 /* UIHelper.swift */; };
		91FFADCE2B717C3400BF27F2 /* ChampionCell.swift in Sources */ = {isa = PBXBuildFile; fileRef = 91FFADCD2B717C3400BF27F2 /* ChampionCell.swift */; };
/* End PBXBuildFile section */

/* Begin PBXFileReference section */
		9135C3D22B867EDC0042B6FF /* MatchupCDModel.xcdatamodel */ = {isa = PBXFileReference; lastKnownFileType = wrapper.xcdatamodel; path = MatchupCDModel.xcdatamodel; sourceTree = "<group>"; };
		9135C3D42B892D590042B6FF /* MatchupVC.swift */ = {isa = PBXFileReference; lastKnownFileType = sourcecode.swift; path = MatchupVC.swift; sourceTree = "<group>"; };
		9151C3522B99142A00C77D5C /* MatchupTableViewCell.swift */ = {isa = PBXFileReference; lastKnownFileType = sourcecode.swift; path = MatchupTableViewCell.swift; sourceTree = "<group>"; };
		9151C3552B9A74BB00C77D5C /* MatchupDetailVC.swift */ = {isa = PBXFileReference; lastKnownFileType = sourcecode.swift; path = MatchupDetailVC.swift; sourceTree = "<group>"; };
		9151C3572B9A79D800C77D5C /* MatchupDetailView.swift */ = {isa = PBXFileReference; lastKnownFileType = sourcecode.swift; path = MatchupDetailView.swift; sourceTree = "<group>"; };
		9151C3592B9A8DC300C77D5C /* MatchupDetailTableViewCell.swift */ = {isa = PBXFileReference; lastKnownFileType = sourcecode.swift; path = MatchupDetailTableViewCell.swift; sourceTree = "<group>"; };
		9153B1FF2BBFC57E006D741C /* iphoneCover.png */ = {isa = PBXFileReference; lastKnownFileType = image.png; path = iphoneCover.png; sourceTree = "<group>"; };
		915591DA2B74134D00941C5F /* ChampionTitleLabel.swift */ = {isa = PBXFileReference; lastKnownFileType = sourcecode.swift; path = ChampionTitleLabel.swift; sourceTree = "<group>"; };
		915591DC2B74137000941C5F /* ChampionImageView.swift */ = {isa = PBXFileReference; lastKnownFileType = sourcecode.swift; path = ChampionImageView.swift; sourceTree = "<group>"; };
		91C57CB22B7FED23005F2DA7 /* MatchupView.swift */ = {isa = PBXFileReference; lastKnownFileType = sourcecode.swift; path = MatchupView.swift; sourceTree = "<group>"; };
		91C57CB42B7FF85B005F2DA7 /* TabBarVC.swift */ = {isa = PBXFileReference; lastKnownFileType = sourcecode.swift; path = TabBarVC.swift; sourceTree = "<group>"; };
		91CF7B262B75839900C8775E /* HomeViewModel.swift */ = {isa = PBXFileReference; lastKnownFileType = sourcecode.swift; path = HomeViewModel.swift; sourceTree = "<group>"; };
		91DC28DB2C0E742600151B31 /* CoreDataManager.swift */ = {isa = PBXFileReference; lastKnownFileType = sourcecode.swift; path = CoreDataManager.swift; sourceTree = "<group>"; };
		91FA0F352BA8CD3D004F8DCC /* ListMatchupView.swift */ = {isa = PBXFileReference; lastKnownFileType = sourcecode.swift; path = ListMatchupView.swift; sourceTree = "<group>"; };
		91FA0F372BA8D798004F8DCC /* ListMatchupVC.swift */ = {isa = PBXFileReference; lastKnownFileType = sourcecode.swift; path = ListMatchupVC.swift; sourceTree = "<group>"; };
		91FFADA22B6C4DAE00BF27F2 /* leagueMatchup.app */ = {isa = PBXFileReference; explicitFileType = wrapper.application; includeInIndex = 0; path = leagueMatchup.app; sourceTree = BUILT_PRODUCTS_DIR; };
		91FFADA52B6C4DAE00BF27F2 /* AppDelegate.swift */ = {isa = PBXFileReference; lastKnownFileType = sourcecode.swift; path = AppDelegate.swift; sourceTree = "<group>"; };
		91FFADA72B6C4DAE00BF27F2 /* SceneDelegate.swift */ = {isa = PBXFileReference; lastKnownFileType = sourcecode.swift; path = SceneDelegate.swift; sourceTree = "<group>"; };
		91FFADAE2B6C4DAF00BF27F2 /* Assets.xcassets */ = {isa = PBXFileReference; lastKnownFileType = folder.assetcatalog; path = Assets.xcassets; sourceTree = "<group>"; };
		91FFADB12B6C4DAF00BF27F2 /* Base */ = {isa = PBXFileReference; lastKnownFileType = file.storyboard; name = Base; path = Base.lproj/LaunchScreen.storyboard; sourceTree = "<group>"; };
		91FFADB32B6C4DAF00BF27F2 /* Info.plist */ = {isa = PBXFileReference; lastKnownFileType = text.plist.xml; path = Info.plist; sourceTree = "<group>"; };
		91FFADBB2B6C4E0100BF27F2 /* ChampionModel.swift */ = {isa = PBXFileReference; lastKnownFileType = sourcecode.swift; path = ChampionModel.swift; sourceTree = "<group>"; };
		91FFADC02B6C57E700BF27F2 /* API.swift */ = {isa = PBXFileReference; lastKnownFileType = sourcecode.swift; path = API.swift; sourceTree = "<group>"; };
		91FFADC22B6C5E7A00BF27F2 /* ErrorMessage.swift */ = {isa = PBXFileReference; lastKnownFileType = sourcecode.swift; path = ErrorMessage.swift; sourceTree = "<group>"; };
		91FFADC62B6D9A1D00BF27F2 /* HomeVC.swift */ = {isa = PBXFileReference; lastKnownFileType = sourcecode.swift; path = HomeVC.swift; sourceTree = "<group>"; };
		91FFADC82B6D9C8700BF27F2 /* HomeView.swift */ = {isa = PBXFileReference; lastKnownFileType = sourcecode.swift; path = HomeView.swift; sourceTree = "<group>"; };
		91FFADCB2B717A6D00BF27F2 /* UIHelper.swift */ = {isa = PBXFileReference; lastKnownFileType = sourcecode.swift; path = UIHelper.swift; sourceTree = "<group>"; };
		91FFADCD2B717C3400BF27F2 /* ChampionCell.swift */ = {isa = PBXFileReference; lastKnownFileType = sourcecode.swift; path = ChampionCell.swift; sourceTree = "<group>"; };
/* End PBXFileReference section */

/* Begin PBXFrameworksBuildPhase section */
		91FFAD9F2B6C4DAE00BF27F2 /* Frameworks */ = {
			isa = PBXFrameworksBuildPhase;
			buildActionMask = 2147483647;
			files = (
			);
			runOnlyForDeploymentPostprocessing = 0;
		};
/* End PBXFrameworksBuildPhase section */

/* Begin PBXGroup section */
		9153B1FE2BBFC4A0006D741C /* Resources */ = {
			isa = PBXGroup;
			children = (
				9153B1FF2BBFC57E006D741C /* iphoneCover.png */,
			);
			path = Resources;
			sourceTree = "<group>";
		};
		9155DD072C11397E00752E9F /* MatchupDetail */ = {
			isa = PBXGroup;
			children = (
				9151C3592B9A8DC300C77D5C /* MatchupDetailTableViewCell.swift */,
				9151C3572B9A79D800C77D5C /* MatchupDetailView.swift */,
			);
			path = MatchupDetail;
			sourceTree = "<group>";
		};
		9155DD082C1139B100752E9F /* Champion */ = {
			isa = PBXGroup;
			children = (
				915591DC2B74137000941C5F /* ChampionImageView.swift */,
				915591DA2B74134D00941C5F /* ChampionTitleLabel.swift */,
				91FFADCD2B717C3400BF27F2 /* ChampionCell.swift */,
			);
			path = Champion;
			sourceTree = "<group>";
		};
		9155DD092C1139D200752E9F /* Matchup */ = {
			isa = PBXGroup;
			children = (
				9151C3552B9A74BB00C77D5C /* MatchupDetailVC.swift */,
				9135C3D42B892D590042B6FF /* MatchupVC.swift */,
				91FA0F372BA8D798004F8DCC /* ListMatchupVC.swift */,
			);
			path = Matchup;
			sourceTree = "<group>";
		};
		91DC28D72C0CC82500151B31 /* ViewModel */ = {
			isa = PBXGroup;
			children = (
				91CF7B262B75839900C8775E /* HomeViewModel.swift */,
			);
			path = ViewModel;
			sourceTree = "<group>";
		};
		91DC28D82C0CC82B00151B31 /* View */ = {
			isa = PBXGroup;
			children = (
				9155DD082C1139B100752E9F /* Champion */,
				9155DD072C11397E00752E9F /* MatchupDetail */,
				91DC28DA2C0CC8EC00151B31 /* Matchup */,
				91FFADC82B6D9C8700BF27F2 /* HomeView.swift */,
			);
			path = View;
			sourceTree = "<group>";
		};
		91DC28D92C0CC83000151B31 /* Controller */ = {
			isa = PBXGroup;
			children = (
				9155DD092C1139D200752E9F /* Matchup */,
				91FFADC62B6D9A1D00BF27F2 /* HomeVC.swift */,
			);
			path = Controller;
			sourceTree = "<group>";
		};
		91DC28DA2C0CC8EC00151B31 /* Matchup */ = {
			isa = PBXGroup;
			children = (
				91C57CB22B7FED23005F2DA7 /* MatchupView.swift */,
				91FA0F352BA8CD3D004F8DCC /* ListMatchupView.swift */,
				9151C3522B99142A00C77D5C /* MatchupTableViewCell.swift */,
			);
			path = Matchup;
			sourceTree = "<group>";
		};
		91FFAD992B6C4DAE00BF27F2 = {
			isa = PBXGroup;
			children = (
				91FFADA42B6C4DAE00BF27F2 /* leagueMatchup */,
				91FFADA32B6C4DAE00BF27F2 /* Products */,
			);
			sourceTree = "<group>";
		};
		91FFADA32B6C4DAE00BF27F2 /* Products */ = {
			isa = PBXGroup;
			children = (
				91FFADA22B6C4DAE00BF27F2 /* leagueMatchup.app */,
			);
			name = Products;
			sourceTree = "<group>";
		};
		91FFADA42B6C4DAE00BF27F2 /* leagueMatchup */ = {
			isa = PBXGroup;
			children = (
				91FFADBA2B6C4DF400BF27F2 /* Model */,
				91DC28D82C0CC82B00151B31 /* View */,
				91DC28D72C0CC82500151B31 /* ViewModel */,
				91DC28D92C0CC83000151B31 /* Controller */,
				9153B1FE2BBFC4A0006D741C /* Resources */,
				91FFADBF2B6C511E00BF27F2 /* Network */,
				91FFADCA2B717A4700BF27F2 /* Extensions */,
				91FFADB92B6C4DE300BF27F2 /* Base */,
				91FFADB32B6C4DAF00BF27F2 /* Info.plist */,
				9135C3D12B867EDC0042B6FF /* MatchupCDModel.xcdatamodeld */,
			);
			path = leagueMatchup;
			sourceTree = "<group>";
		};
		91FFADB92B6C4DE300BF27F2 /* Base */ = {
			isa = PBXGroup;
			children = (
				91FFADB02B6C4DAF00BF27F2 /* LaunchScreen.storyboard */,
				91FFADAE2B6C4DAF00BF27F2 /* Assets.xcassets */,
				91FFADA72B6C4DAE00BF27F2 /* SceneDelegate.swift */,
				91FFADA52B6C4DAE00BF27F2 /* AppDelegate.swift */,
				91FFADC22B6C5E7A00BF27F2 /* ErrorMessage.swift */,
				91C57CB42B7FF85B005F2DA7 /* TabBarVC.swift */,
			);
			path = Base;
			sourceTree = "<group>";
		};
		91FFADBA2B6C4DF400BF27F2 /* Model */ = {
			isa = PBXGroup;
			children = (
				91FFADBB2B6C4E0100BF27F2 /* ChampionModel.swift */,
			);
			path = Model;
			sourceTree = "<group>";
		};
		91FFADBF2B6C511E00BF27F2 /* Network */ = {
			isa = PBXGroup;
			children = (
				91FFADC02B6C57E700BF27F2 /* API.swift */,
			);
			path = Network;
			sourceTree = "<group>";
		};
		91FFADCA2B717A4700BF27F2 /* Extensions */ = {
			isa = PBXGroup;
			children = (
				91FFADCB2B717A6D00BF27F2 /* UIHelper.swift */,
				91DC28DB2C0E742600151B31 /* CoreDataManager.swift */,
			);
			path = Extensions;
			sourceTree = "<group>";
		};
/* End PBXGroup section */

/* Begin PBXNativeTarget section */
		91FFADA12B6C4DAE00BF27F2 /* leagueMatchup */ = {
			isa = PBXNativeTarget;
			buildConfigurationList = 91FFADB62B6C4DAF00BF27F2 /* Build configuration list for PBXNativeTarget "leagueMatchup" */;
			buildPhases = (
				91FFAD9E2B6C4DAE00BF27F2 /* Sources */,
				91FFAD9F2B6C4DAE00BF27F2 /* Frameworks */,
				91FFADA02B6C4DAE00BF27F2 /* Resources */,
			);
			buildRules = (
			);
			dependencies = (
			);
			name = leagueMatchup;
			productName = leagueMatchup;
			productReference = 91FFADA22B6C4DAE00BF27F2 /* leagueMatchup.app */;
			productType = "com.apple.product-type.application";
		};
/* End PBXNativeTarget section */

/* Begin PBXProject section */
		91FFAD9A2B6C4DAE00BF27F2 /* Project object */ = {
			isa = PBXProject;
			attributes = {
				BuildIndependentTargetsInParallel = 1;
				LastSwiftUpdateCheck = 1420;
				LastUpgradeCheck = 1420;
				TargetAttributes = {
					91FFADA12B6C4DAE00BF27F2 = {
						CreatedOnToolsVersion = 14.2;
					};
				};
			};
			buildConfigurationList = 91FFAD9D2B6C4DAE00BF27F2 /* Build configuration list for PBXProject "leagueMatchup" */;
			compatibilityVersion = "Xcode 14.0";
			developmentRegion = en;
			hasScannedForEncodings = 0;
			knownRegions = (
				en,
				Base,
			);
			mainGroup = 91FFAD992B6C4DAE00BF27F2;
			productRefGroup = 91FFADA32B6C4DAE00BF27F2 /* Products */;
			projectDirPath = "";
			projectRoot = "";
			targets = (
				91FFADA12B6C4DAE00BF27F2 /* leagueMatchup */,
			);
		};
/* End PBXProject section */

/* Begin PBXResourcesBuildPhase section */
		91FFADA02B6C4DAE00BF27F2 /* Resources */ = {
			isa = PBXResourcesBuildPhase;
			buildActionMask = 2147483647;
			files = (
				9153B2002BBFC57E006D741C /* iphoneCover.png in Resources */,
				91FFADB22B6C4DAF00BF27F2 /* LaunchScreen.storyboard in Resources */,
				91FFADAF2B6C4DAF00BF27F2 /* Assets.xcassets in Resources */,
			);
			runOnlyForDeploymentPostprocessing = 0;
		};
/* End PBXResourcesBuildPhase section */

/* Begin PBXSourcesBuildPhase section */
		91FFAD9E2B6C4DAE00BF27F2 /* Sources */ = {
			isa = PBXSourcesBuildPhase;
			buildActionMask = 2147483647;
			files = (
				91FFADCE2B717C3400BF27F2 /* ChampionCell.swift in Sources */,
				91FFADC92B6D9C8700BF27F2 /* HomeView.swift in Sources */,
				91FA0F362BA8CD3D004F8DCC /* ListMatchupView.swift in Sources */,
				91FFADC72B6D9A1D00BF27F2 /* HomeVC.swift in Sources */,
				91FFADCC2B717A6D00BF27F2 /* UIHelper.swift in Sources */,
				91FFADC32B6C5E7A00BF27F2 /* ErrorMessage.swift in Sources */,
				9151C3582B9A79D800C77D5C /* MatchupDetailView.swift in Sources */,
				9135C3D52B892D590042B6FF /* MatchupVC.swift in Sources */,
				91DC28DC2C0E742600151B31 /* CoreDataManager.swift in Sources */,
				91FFADA62B6C4DAE00BF27F2 /* AppDelegate.swift in Sources */,
				91FFADBC2B6C4E0100BF27F2 /* ChampionModel.swift in Sources */,
				9151C3562B9A74BB00C77D5C /* MatchupDetailVC.swift in Sources */,
				91C57CB52B7FF85B005F2DA7 /* TabBarVC.swift in Sources */,
				91CF7B272B75839900C8775E /* HomeViewModel.swift in Sources */,
				915591DD2B74137000941C5F /* ChampionImageView.swift in Sources */,
				91C57CB32B7FED23005F2DA7 /* MatchupView.swift in Sources */,
				91FA0F382BA8D798004F8DCC /* ListMatchupVC.swift in Sources */,
				9151C35A2B9A8DC300C77D5C /* MatchupDetailTableViewCell.swift in Sources */,
				91FFADC12B6C57E700BF27F2 /* API.swift in Sources */,
				9135C3D32B867EDC0042B6FF /* MatchupCDModel.xcdatamodeld in Sources */,
				9151C3532B99142A00C77D5C /* MatchupTableViewCell.swift in Sources */,
				91FFADA82B6C4DAE00BF27F2 /* SceneDelegate.swift in Sources */,
				915591DB2B74134D00941C5F /* ChampionTitleLabel.swift in Sources */,
			);
			runOnlyForDeploymentPostprocessing = 0;
		};
/* End PBXSourcesBuildPhase section */

/* Begin PBXVariantGroup section */
		91FFADB02B6C4DAF00BF27F2 /* LaunchScreen.storyboard */ = {
			isa = PBXVariantGroup;
			children = (
				91FFADB12B6C4DAF00BF27F2 /* Base */,
			);
			name = LaunchScreen.storyboard;
			sourceTree = "<group>";
		};
/* End PBXVariantGroup section */

/* Begin XCBuildConfiguration section */
		91FFADB42B6C4DAF00BF27F2 /* Debug */ = {
			isa = XCBuildConfiguration;
			buildSettings = {
				ALWAYS_SEARCH_USER_PATHS = NO;
				CLANG_ANALYZER_NONNULL = YES;
				CLANG_ANALYZER_NUMBER_OBJECT_CONVERSION = YES_AGGRESSIVE;
				CLANG_CXX_LANGUAGE_STANDARD = "gnu++20";
				CLANG_ENABLE_MODULES = YES;
				CLANG_ENABLE_OBJC_ARC = YES;
				CLANG_ENABLE_OBJC_WEAK = YES;
				CLANG_WARN_BLOCK_CAPTURE_AUTORELEASING = YES;
				CLANG_WARN_BOOL_CONVERSION = YES;
				CLANG_WARN_COMMA = YES;
				CLANG_WARN_CONSTANT_CONVERSION = YES;
				CLANG_WARN_DEPRECATED_OBJC_IMPLEMENTATIONS = YES;
				CLANG_WARN_DIRECT_OBJC_ISA_USAGE = YES_ERROR;
				CLANG_WARN_DOCUMENTATION_COMMENTS = YES;
				CLANG_WARN_EMPTY_BODY = YES;
				CLANG_WARN_ENUM_CONVERSION = YES;
				CLANG_WARN_INFINITE_RECURSION = YES;
				CLANG_WARN_INT_CONVERSION = YES;
				CLANG_WARN_NON_LITERAL_NULL_CONVERSION = YES;
				CLANG_WARN_OBJC_IMPLICIT_RETAIN_SELF = YES;
				CLANG_WARN_OBJC_LITERAL_CONVERSION = YES;
				CLANG_WARN_OBJC_ROOT_CLASS = YES_ERROR;
				CLANG_WARN_QUOTED_INCLUDE_IN_FRAMEWORK_HEADER = YES;
				CLANG_WARN_RANGE_LOOP_ANALYSIS = YES;
				CLANG_WARN_STRICT_PROTOTYPES = YES;
				CLANG_WARN_SUSPICIOUS_MOVE = YES;
				CLANG_WARN_UNGUARDED_AVAILABILITY = YES_AGGRESSIVE;
				CLANG_WARN_UNREACHABLE_CODE = YES;
				CLANG_WARN__DUPLICATE_METHOD_MATCH = YES;
				COPY_PHASE_STRIP = NO;
				DEBUG_INFORMATION_FORMAT = dwarf;
				ENABLE_STRICT_OBJC_MSGSEND = YES;
				ENABLE_TESTABILITY = YES;
				GCC_C_LANGUAGE_STANDARD = gnu11;
				GCC_DYNAMIC_NO_PIC = NO;
				GCC_NO_COMMON_BLOCKS = YES;
				GCC_OPTIMIZATION_LEVEL = 0;
				GCC_PREPROCESSOR_DEFINITIONS = (
					"DEBUG=1",
					"$(inherited)",
				);
				GCC_WARN_64_TO_32_BIT_CONVERSION = YES;
				GCC_WARN_ABOUT_RETURN_TYPE = YES_ERROR;
				GCC_WARN_UNDECLARED_SELECTOR = YES;
				GCC_WARN_UNINITIALIZED_AUTOS = YES_AGGRESSIVE;
				GCC_WARN_UNUSED_FUNCTION = YES;
				GCC_WARN_UNUSED_VARIABLE = YES;
				IPHONEOS_DEPLOYMENT_TARGET = 16.2;
				MTL_ENABLE_DEBUG_INFO = INCLUDE_SOURCE;
				MTL_FAST_MATH = YES;
				ONLY_ACTIVE_ARCH = YES;
				SDKROOT = iphoneos;
				SWIFT_ACTIVE_COMPILATION_CONDITIONS = DEBUG;
				SWIFT_OPTIMIZATION_LEVEL = "-Onone";
			};
			name = Debug;
		};
		91FFADB52B6C4DAF00BF27F2 /* Release */ = {
			isa = XCBuildConfiguration;
			buildSettings = {
				ALWAYS_SEARCH_USER_PATHS = NO;
				CLANG_ANALYZER_NONNULL = YES;
				CLANG_ANALYZER_NUMBER_OBJECT_CONVERSION = YES_AGGRESSIVE;
				CLANG_CXX_LANGUAGE_STANDARD = "gnu++20";
				CLANG_ENABLE_MODULES = YES;
				CLANG_ENABLE_OBJC_ARC = YES;
				CLANG_ENABLE_OBJC_WEAK = YES;
				CLANG_WARN_BLOCK_CAPTURE_AUTORELEASING = YES;
				CLANG_WARN_BOOL_CONVERSION = YES;
				CLANG_WARN_COMMA = YES;
				CLANG_WARN_CONSTANT_CONVERSION = YES;
				CLANG_WARN_DEPRECATED_OBJC_IMPLEMENTATIONS = YES;
				CLANG_WARN_DIRECT_OBJC_ISA_USAGE = YES_ERROR;
				CLANG_WARN_DOCUMENTATION_COMMENTS = YES;
				CLANG_WARN_EMPTY_BODY = YES;
				CLANG_WARN_ENUM_CONVERSION = YES;
				CLANG_WARN_INFINITE_RECURSION = YES;
				CLANG_WARN_INT_CONVERSION = YES;
				CLANG_WARN_NON_LITERAL_NULL_CONVERSION = YES;
				CLANG_WARN_OBJC_IMPLICIT_RETAIN_SELF = YES;
				CLANG_WARN_OBJC_LITERAL_CONVERSION = YES;
				CLANG_WARN_OBJC_ROOT_CLASS = YES_ERROR;
				CLANG_WARN_QUOTED_INCLUDE_IN_FRAMEWORK_HEADER = YES;
				CLANG_WARN_RANGE_LOOP_ANALYSIS = YES;
				CLANG_WARN_STRICT_PROTOTYPES = YES;
				CLANG_WARN_SUSPICIOUS_MOVE = YES;
				CLANG_WARN_UNGUARDED_AVAILABILITY = YES_AGGRESSIVE;
				CLANG_WARN_UNREACHABLE_CODE = YES;
				CLANG_WARN__DUPLICATE_METHOD_MATCH = YES;
				COPY_PHASE_STRIP = NO;
				DEBUG_INFORMATION_FORMAT = "dwarf-with-dsym";
				ENABLE_NS_ASSERTIONS = NO;
				ENABLE_STRICT_OBJC_MSGSEND = YES;
				GCC_C_LANGUAGE_STANDARD = gnu11;
				GCC_NO_COMMON_BLOCKS = YES;
				GCC_WARN_64_TO_32_BIT_CONVERSION = YES;
				GCC_WARN_ABOUT_RETURN_TYPE = YES_ERROR;
				GCC_WARN_UNDECLARED_SELECTOR = YES;
				GCC_WARN_UNINITIALIZED_AUTOS = YES_AGGRESSIVE;
				GCC_WARN_UNUSED_FUNCTION = YES;
				GCC_WARN_UNUSED_VARIABLE = YES;
				IPHONEOS_DEPLOYMENT_TARGET = 16.2;
				MTL_ENABLE_DEBUG_INFO = NO;
				MTL_FAST_MATH = YES;
				SDKROOT = iphoneos;
				SWIFT_COMPILATION_MODE = wholemodule;
				SWIFT_OPTIMIZATION_LEVEL = "-O";
				VALIDATE_PRODUCT = YES;
			};
			name = Release;
		};
		91FFADB72B6C4DAF00BF27F2 /* Debug */ = {
			isa = XCBuildConfiguration;
			buildSettings = {
				ASSETCATALOG_COMPILER_APPICON_NAME = AppIcon;
				ASSETCATALOG_COMPILER_GLOBAL_ACCENT_COLOR_NAME = AccentColor;
				CODE_SIGN_STYLE = Automatic;
				CURRENT_PROJECT_VERSION = 1;
				DEVELOPMENT_TEAM = CQM92F4CPM;
				GENERATE_INFOPLIST_FILE = YES;
				INFOPLIST_FILE = leagueMatchup/Info.plist;
				INFOPLIST_KEY_UIApplicationSupportsIndirectInputEvents = YES;
				INFOPLIST_KEY_UILaunchStoryboardName = LaunchScreen;
				INFOPLIST_KEY_UIStatusBarStyle = UIStatusBarStyleDarkContent;
				INFOPLIST_KEY_UISupportedInterfaceOrientations = UIInterfaceOrientationPortrait;
				INFOPLIST_KEY_UISupportedInterfaceOrientations_iPad = "UIInterfaceOrientationLandscapeLeft UIInterfaceOrientationLandscapeRight UIInterfaceOrientationPortrait UIInterfaceOrientationPortraitUpsideDown";
				LD_RUNPATH_SEARCH_PATHS = (
					"$(inherited)",
					"@executable_path/Frameworks",
				);
				MARKETING_VERSION = 1.0;
				PRODUCT_BUNDLE_IDENTIFIER = itsjohnidk.leagueMatchup;
				PRODUCT_NAME = "$(TARGET_NAME)";
				SWIFT_EMIT_LOC_STRINGS = YES;
				SWIFT_VERSION = 5.0;
				TARGETED_DEVICE_FAMILY = "1,2";
			};
			name = Debug;
		};
		91FFADB82B6C4DAF00BF27F2 /* Release */ = {
			isa = XCBuildConfiguration;
			buildSettings = {
				ASSETCATALOG_COMPILER_APPICON_NAME = AppIcon;
				ASSETCATALOG_COMPILER_GLOBAL_ACCENT_COLOR_NAME = AccentColor;
				CODE_SIGN_STYLE = Automatic;
				CURRENT_PROJECT_VERSION = 1;
				DEVELOPMENT_TEAM = CQM92F4CPM;
				GENERATE_INFOPLIST_FILE = YES;
				INFOPLIST_FILE = leagueMatchup/Info.plist;
				INFOPLIST_KEY_UIApplicationSupportsIndirectInputEvents = YES;
				INFOPLIST_KEY_UILaunchStoryboardName = LaunchScreen;
				INFOPLIST_KEY_UIStatusBarStyle = UIStatusBarStyleDarkContent;
				INFOPLIST_KEY_UISupportedInterfaceOrientations = UIInterfaceOrientationPortrait;
				INFOPLIST_KEY_UISupportedInterfaceOrientations_iPad = "UIInterfaceOrientationLandscapeLeft UIInterfaceOrientationLandscapeRight UIInterfaceOrientationPortrait UIInterfaceOrientationPortraitUpsideDown";
				LD_RUNPATH_SEARCH_PATHS = (
					"$(inherited)",
					"@executable_path/Frameworks",
				);
				MARKETING_VERSION = 1.0;
				PRODUCT_BUNDLE_IDENTIFIER = itsjohnidk.leagueMatchup;
				PRODUCT_NAME = "$(TARGET_NAME)";
				SWIFT_EMIT_LOC_STRINGS = YES;
				SWIFT_VERSION = 5.0;
				TARGETED_DEVICE_FAMILY = "1,2";
			};
			name = Release;
		};
/* End XCBuildConfiguration section */

/* Begin XCConfigurationList section */
		91FFAD9D2B6C4DAE00BF27F2 /* Build configuration list for PBXProject "leagueMatchup" */ = {
			isa = XCConfigurationList;
			buildConfigurations = (
				91FFADB42B6C4DAF00BF27F2 /* Debug */,
				91FFADB52B6C4DAF00BF27F2 /* Release */,
			);
			defaultConfigurationIsVisible = 0;
			defaultConfigurationName = Release;
		};
		91FFADB62B6C4DAF00BF27F2 /* Build configuration list for PBXNativeTarget "leagueMatchup" */ = {
			isa = XCConfigurationList;
			buildConfigurations = (
				91FFADB72B6C4DAF00BF27F2 /* Debug */,
				91FFADB82B6C4DAF00BF27F2 /* Release */,
			);
			defaultConfigurationIsVisible = 0;
			defaultConfigurationName = Release;
		};
/* End XCConfigurationList section */

/* Begin XCVersionGroup section */
		9135C3D12B867EDC0042B6FF /* MatchupCDModel.xcdatamodeld */ = {
			isa = XCVersionGroup;
			children = (
				9135C3D22B867EDC0042B6FF /* MatchupCDModel.xcdatamodel */,
			);
			currentVersion = 9135C3D22B867EDC0042B6FF /* MatchupCDModel.xcdatamodel */;
			path = MatchupCDModel.xcdatamodeld;
			sourceTree = "<group>";
			versionGroupType = wrapper.xcdatamodel;
		};
/* End XCVersionGroup section */
	};
	rootObject = 91FFAD9A2B6C4DAE00BF27F2 /* Project object */;
}
